
Microsoft Visual Studio Solution File, Format Version 12.00
# Visual Studio Version 16
VisualStudioVersion = 16.0.29503.13
MinimumVisualStudioVersion = 10.0.40219.1
Project("{FAE04EC0-301F-11D3-BF4B-00C04F79EFBC}") = "CRUDMongoDB", "CRUDMongoDB\CRUDMongoDB.csproj", "{BCB9CA3A-8C0E-470A-BF3D-1EA99C3DDB6F}"
EndProject
Global
	GlobalSection(SolutionConfigurationPlatforms) = preSolution
		Debug|Any CPU = Debug|Any CPU
		Release|Any CPU = Release|Any CPU
	EndGlobalSection
	GlobalSection(ProjectConfigurationPlatforms) = postSolution
		{BCB9CA3A-8C0E-470A-BF3D-1EA99C3DDB6F}.Debug|Any CPU.ActiveCfg = Debug|Any CPU
		{BCB9CA3A-8C0E-470A-BF3D-1EA99C3DDB6F}.Debug|Any CPU.Build.0 = Debug|Any CPU
		{BCB9CA3A-8C0E-470A-BF3D-1EA99C3DDB6F}.Release|Any CPU.ActiveCfg = Release|Any CPU
		{BCB9CA3A-8C0E-470A-BF3D-1EA99C3DDB6F}.Release|Any CPU.Build.0 = Release|Any CPU
	EndGlobalSection
	GlobalSection(SolutionProperties) = preSolution
		HideSolutionNode = FALSE
	EndGlobalSection
	GlobalSection(ExtensibilityGlobals) = postSolution
		SolutionGuid = {A42E76E0-4ADB-42DA-9A00-D3CA28F6C8A6}
	EndGlobalSection
EndGlobal
